{
    "name": "live-code",
    "version": "1.0.0",
    "lockfileVersion": 3,
    "requires": true,
    "packages": {
        "": {
            "name": "live-code",
            "version": "1.0.0",
            "license": "ISC",
            "dependencies": {
                "suunta": "file:../.."
            },
            "devDependencies": {
                "lit": "^3.2.0"
            }
        },
        "../..": {
            "version": "3.6.0",
            "license": "ISC",
            "workspaces": [
                "lib/core",
                "lib/fetch",
                "example",
                "test"
            ],
            "devDependencies": {
                "@esm-bundle/chai": "^4.3.4-fix.0",
                "@open-wc/testing": "^4.0.0",
                "@types/chai": "^4.3.19",
                "@types/mocha": "^10.0.8",
                "@web/dev-server": "^0.4.6",
                "@web/dev-server-esbuild": "^1.0.2",
                "@web/test-runner": "^0.19.0",
                "esbuild": "^0.23.1",
                "lit-html": "^3.2.0",
                "typescript": "^5.6.2"
            }
        },
        "node_modules/@lit-labs/ssr-dom-shim": {
            "version": "1.2.1",
            "resolved": "https://registry.npmjs.org/@lit-labs/ssr-dom-shim/-/ssr-dom-shim-1.2.1.tgz",
            "integrity": "sha512-wx4aBmgeGvFmOKucFKY+8VFJSYZxs9poN3SDNQFF6lT6NrQUnHiPB2PWz2sc4ieEcAaYYzN+1uWahEeTq2aRIQ==",
            "dev": true
        },
        "node_modules/@lit/reactive-element": {
            "version": "2.0.4",
            "resolved": "https://registry.npmjs.org/@lit/reactive-element/-/reactive-element-2.0.4.tgz",
            "integrity": "sha512-GFn91inaUa2oHLak8awSIigYz0cU0Payr1rcFsrkf5OJ5eSPxElyZfKh0f2p9FsTiZWXQdWGJeXZICEfXXYSXQ==",
            "dev": true,
            "dependencies": {
                "@lit-labs/ssr-dom-shim": "^1.2.0"
            }
        },
        "node_modules/@types/trusted-types": {
            "version": "2.0.7",
            "resolved": "https://registry.npmjs.org/@types/trusted-types/-/trusted-types-2.0.7.tgz",
            "integrity": "sha512-ScaPdn1dQczgbl0QFTeTOmVHFULt394XJgOQNoyVhZ6r2vLnMLJfBPd53SB52T/3G36VI1/g2MZaX0cwDuXsfw==",
            "dev": true
        },
        "node_modules/lit": {
            "version": "3.2.0",
            "resolved": "https://registry.npmjs.org/lit/-/lit-3.2.0.tgz",
            "integrity": "sha512-s6tI33Lf6VpDu7u4YqsSX78D28bYQulM+VAzsGch4fx2H0eLZnJsUBsPWmGYSGoKDNbjtRv02rio1o+UdPVwvw==",
            "dev": true,
            "dependencies": {
                "@lit/reactive-element": "^2.0.4",
                "lit-element": "^4.1.0",
                "lit-html": "^3.2.0"
            }
        },
        "node_modules/lit-element": {
            "version": "4.1.0",
            "resolved": "https://registry.npmjs.org/lit-element/-/lit-element-4.1.0.tgz",
            "integrity": "sha512-gSejRUQJuMQjV2Z59KAS/D4iElUhwKpIyJvZ9w+DIagIQjfJnhR20h2Q5ddpzXGS+fF0tMZ/xEYGMnKmaI/iww==",
            "dev": true,
            "dependencies": {
                "@lit-labs/ssr-dom-shim": "^1.2.0",
                "@lit/reactive-element": "^2.0.4",
                "lit-html": "^3.2.0"
            }
        },
        "node_modules/lit-html": {
            "version": "3.2.0",
            "resolved": "https://registry.npmjs.org/lit-html/-/lit-html-3.2.0.tgz",
            "integrity": "sha512-pwT/HwoxqI9FggTrYVarkBKFN9MlTUpLrDHubTmW4SrkL3kkqW5gxwbxMMUnbbRHBC0WTZnYHcjDSCM559VyfA==",
            "dev": true,
            "dependencies": {
                "@types/trusted-types": "^2.0.2"
            }
        },
        "node_modules/suunta": {
            "resolved": "../..",
            "link": true
        }
    }
}
